
Microsoft Visual Studio Solution File, Format Version 12.00
# Visual Studio Version 16
VisualStudioVersion = 16.0.30413.136
MinimumVisualStudioVersion = 10.0.40219.1
Project("{FAE04EC0-301F-11D3-BF4B-00C04F79EFBC}") = "ReactAuth", "ReactAuth\ReactAuth.csproj", "{4651EF24-6069-4514-9212-1F312809BBEA}"
EndProject
Global
	GlobalSection(SolutionConfigurationPlatforms) = preSolution
		Debug|Any CPU = Debug|Any CPU
		Release|Any CPU = Release|Any CPU
	EndGlobalSection
	GlobalSection(ProjectConfigurationPlatforms) = postSolution
		{4651EF24-6069-4514-9212-1F312809BBEA}.Debug|Any CPU.ActiveCfg = Debug|Any CPU
		{4651EF24-6069-4514-9212-1F312809BBEA}.Debug|Any CPU.Build.0 = Debug|Any CPU
		{4651EF24-6069-4514-9212-1F312809BBEA}.Release|Any CPU.ActiveCfg = Release|Any CPU
		{4651EF24-6069-4514-9212-1F312809BBEA}.Release|Any CPU.Build.0 = Release|Any CPU
	EndGlobalSection
	GlobalSection(SolutionProperties) = preSolution
		HideSolutionNode = FALSE
	EndGlobalSection
	GlobalSection(ExtensibilityGlobals) = postSolution
		SolutionGuid = {21878F36-6A32-4186-B73D-8B9F58AA1AE0}
	EndGlobalSection
EndGlobal
